
Microsoft Visual Studio Solution File, Format Version 12.00
# Visual Studio Version 17
VisualStudioVersion = 17.7.34031.279
MinimumVisualStudioVersion = 10.0.40219.1
Project("{FAE04EC0-301F-11D3-BF4B-00C04F79EFBC}") = "NewsAPI", "NewsAPI\NewsAPI.csproj", "{66176475-D0E3-4D79-A362-0E71C87A9DD8}"
EndProject
Global
	GlobalSection(SolutionConfigurationPlatforms) = preSolution
		Debug|Any CPU = Debug|Any CPU
		Release|Any CPU = Release|Any CPU
	EndGlobalSection
	GlobalSection(ProjectConfigurationPlatforms) = postSolution
		{66176475-D0E3-4D79-A362-0E71C87A9DD8}.Debug|Any CPU.ActiveCfg = Debug|Any CPU
		{66176475-D0E3-4D79-A362-0E71C87A9DD8}.Debug|Any CPU.Build.0 = Debug|Any CPU
		{66176475-D0E3-4D79-A362-0E71C87A9DD8}.Release|Any CPU.ActiveCfg = Release|Any CPU
		{66176475-D0E3-4D79-A362-0E71C87A9DD8}.Release|Any CPU.Build.0 = Release|Any CPU
	EndGlobalSection
	GlobalSection(SolutionProperties) = preSolution
		HideSolutionNode = FALSE
	EndGlobalSection
	GlobalSection(ExtensibilityGlobals) = postSolution
		SolutionGuid = {089203E6-8A56-4483-AAF8-9AAAE7EF2DF8}
	EndGlobalSection
EndGlobal
